
Microsoft Visual Studio Solution File, Format Version 12.00
# Visual Studio Version 17
VisualStudioVersion = 17.9.34607.119
MinimumVisualStudioVersion = 10.0.40219.1
Project("{8BC9CEB8-8B4A-11D0-8D11-00A0C91BC942}") = "PemDasStruct02042024", "PemDasStruct02042024\PemDasStruct02042024.vcxproj", "{AED9C8CF-A821-4DBE-BD38-49787A921C9C}"
EndProject
Project("{8BC9CEB8-8B4A-11D0-8D11-00A0C91BC942}") = "Part 2", "Part 2\Part 2.vcxproj", "{56F80FD3-BCCF-4862-BCCA-BC19A1F6383C}"
EndProject
Project("{8BC9CEB8-8B4A-11D0-8D11-00A0C91BC942}") = "Part 3", "Part3\Part3.vcxproj", "{83294095-3958-406C-984B-122910B6E5E7}"
EndProject
Project("{8BC9CEB8-8B4A-11D0-8D11-00A0C91BC942}") = "Part 4", "Part 4\Part 4.vcxproj", "{CCD75FD8-2098-4E24-BFF8-CC5F0E792707}"
EndProject
Global
	GlobalSection(SolutionConfigurationPlatforms) = preSolution
		Debug|x64 = Debug|x64
		Debug|x86 = Debug|x86
		Release|x64 = Release|x64
		Release|x86 = Release|x86
	EndGlobalSection
	GlobalSection(ProjectConfigurationPlatforms) = postSolution
		{AED9C8CF-A821-4DBE-BD38-49787A921C9C}.Debug|x64.ActiveCfg = Debug|x64
		{AED9C8CF-A821-4DBE-BD38-49787A921C9C}.Debug|x64.Build.0 = Debug|x64
		{AED9C8CF-A821-4DBE-BD38-49787A921C9C}.Debug|x86.ActiveCfg = Debug|Win32
		{AED9C8CF-A821-4DBE-BD38-49787A921C9C}.Debug|x86.Build.0 = Debug|Win32
		{AED9C8CF-A821-4DBE-BD38-49787A921C9C}.Release|x64.ActiveCfg = Release|x64
		{AED9C8CF-A821-4DBE-BD38-49787A921C9C}.Release|x64.Build.0 = Release|x64
		{AED9C8CF-A821-4DBE-BD38-49787A921C9C}.Release|x86.ActiveCfg = Release|Win32
		{AED9C8CF-A821-4DBE-BD38-49787A921C9C}.Release|x86.Build.0 = Release|Win32
		{56F80FD3-BCCF-4862-BCCA-BC19A1F6383C}.Debug|x64.ActiveCfg = Debug|x64
		{56F80FD3-BCCF-4862-BCCA-BC19A1F6383C}.Debug|x64.Build.0 = Debug|x64
		{56F80FD3-BCCF-4862-BCCA-BC19A1F6383C}.Debug|x86.ActiveCfg = Debug|Win32
		{56F80FD3-BCCF-4862-BCCA-BC19A1F6383C}.Debug|x86.Build.0 = Debug|Win32
		{56F80FD3-BCCF-4862-BCCA-BC19A1F6383C}.Release|x64.ActiveCfg = Release|x64
		{56F80FD3-BCCF-4862-BCCA-BC19A1F6383C}.Release|x64.Build.0 = Release|x64
		{56F80FD3-BCCF-4862-BCCA-BC19A1F6383C}.Release|x86.ActiveCfg = Release|Win32
		{56F80FD3-BCCF-4862-BCCA-BC19A1F6383C}.Release|x86.Build.0 = Release|Win32
		{83294095-3958-406C-984B-122910B6E5E7}.Debug|x64.ActiveCfg = Debug|x64
		{83294095-3958-406C-984B-122910B6E5E7}.Debug|x64.Build.0 = Debug|x64
		{83294095-3958-406C-984B-122910B6E5E7}.Debug|x86.ActiveCfg = Debug|Win32
		{83294095-3958-406C-984B-122910B6E5E7}.Debug|x86.Build.0 = Debug|Win32
		{83294095-3958-406C-984B-122910B6E5E7}.Release|x64.ActiveCfg = Release|x64
		{83294095-3958-406C-984B-122910B6E5E7}.Release|x64.Build.0 = Release|x64
		{83294095-3958-406C-984B-122910B6E5E7}.Release|x86.ActiveCfg = Release|Win32
		{83294095-3958-406C-984B-122910B6E5E7}.Release|x86.Build.0 = Release|Win32
		{CCD75FD8-2098-4E24-BFF8-CC5F0E792707}.Debug|x64.ActiveCfg = Debug|x64
		{CCD75FD8-2098-4E24-BFF8-CC5F0E792707}.Debug|x64.Build.0 = Debug|x64
		{CCD75FD8-2098-4E24-BFF8-CC5F0E792707}.Debug|x86.ActiveCfg = Debug|Win32
		{CCD75FD8-2098-4E24-BFF8-CC5F0E792707}.Debug|x86.Build.0 = Debug|Win32
		{CCD75FD8-2098-4E24-BFF8-CC5F0E792707}.Release|x64.ActiveCfg = Release|x64
		{CCD75FD8-2098-4E24-BFF8-CC5F0E792707}.Release|x64.Build.0 = Release|x64
		{CCD75FD8-2098-4E24-BFF8-CC5F0E792707}.Release|x86.ActiveCfg = Release|Win32
		{CCD75FD8-2098-4E24-BFF8-CC5F0E792707}.Release|x86.Build.0 = Release|Win32
	EndGlobalSection
	GlobalSection(SolutionProperties) = preSolution
		HideSolutionNode = FALSE
	EndGlobalSection
	GlobalSection(ExtensibilityGlobals) = postSolution
		SolutionGuid = {CDFED6D2-E7CD-4641-B3A3-125C927C1546}
	EndGlobalSection
EndGlobal
